PODS:
  - initWith...FuckIt (1.8.3)
  - PromiseKit/NSNotificationCenter (1.2):
    - PromiseKit/Promise
  - PromiseKit/Pause (1.2):
    - PromiseKit/Promise
  - PromiseKit/Promise (1.2)
  - PromiseKit/SKProductsRequest (1.2):
    - PromiseKit/SKRequest
  - PromiseKit/SKRequest (1.2):
    - PromiseKit/Promise
  - PromiseKit/UIView (1.2):
    - PromiseKit/Promise
  - PromiseKit/UIViewController (1.2):
    - PromiseKit/Promise
  - PromiseKit/When (1.2):
    - PromiseKit/Promise
  - sym0 (1.6.2)
  - UIImage+ImageWithColor (1.2)
  - UIImage+InvertedImage (2)
  - YOLOKit (11.1):
    - YOLOKit/all (= 11.1)
    - YOLOKit/any (= 11.1)
    - YOLOKit/array (= 11.1)
    - YOLOKit/base (= 11.1)
    - YOLOKit/chunk (= 11.1)
    - YOLOKit/concat (= 11.1)
    - YOLOKit/dict (= 11.1)
    - YOLOKit/each (= 11.1)
    - YOLOKit/extend (= 11.1)
    - YOLOKit/find (= 11.1)
    - YOLOKit/first (= 11.1)
    - YOLOKit/flatMap (= 11.1)
    - YOLOKit/flatten (= 11.1)
    - YOLOKit/fmap (= 11.1)
    - YOLOKit/get (= 11.1)
    - YOLOKit/groupBy (= 11.1)
    - YOLOKit/has (= 11.1)
    - YOLOKit/indexOf (= 11.1)
    - YOLOKit/inject (= 11.1)
    - YOLOKit/join (= 11.1)
    - YOLOKit/last (= 11.1)
    - YOLOKit/map (= 11.1)
    - YOLOKit/max (= 11.1)
    - YOLOKit/min (= 11.1)
    - YOLOKit/none (= 11.1)
    - YOLOKit/partition (= 11.1)
    - YOLOKit/pick (= 11.1)
    - YOLOKit/pluck (= 11.1)
    - YOLOKit/pmap (= 11.1)
    - YOLOKit/pop (= 11.1)
    - YOLOKit/push (= 11.1)
    - YOLOKit/reduce (= 11.1)
    - YOLOKit/reverse (= 11.1)
    - YOLOKit/rotate (= 11.1)
    - YOLOKit/sample (= 11.1)
    - YOLOKit/select (= 11.1)
    - YOLOKit/shift (= 11.1)
    - YOLOKit/shuffle (= 11.1)
    - YOLOKit/skip (= 11.1)
    - YOLOKit/slice (= 11.1)
    - YOLOKit/snip (= 11.1)
    - YOLOKit/sort (= 11.1)
    - YOLOKit/split (= 11.1)
    - YOLOKit/transpose (= 11.1)
    - YOLOKit/uniq (= 11.1)
    - YOLOKit/unshift (= 11.1)
    - YOLOKit/upTo (= 11.1)
    - YOLOKit/without (= 11.1)
  - YOLOKit/all (11.1):
    - YOLOKit/base
  - YOLOKit/any (11.1):
    - YOLOKit/base
  - YOLOKit/array (11.1):
    - YOLOKit/base
  - YOLOKit/base (11.1)
  - YOLOKit/chunk (11.1):
    - YOLOKit/base
    - YOLOKit/slice
  - YOLOKit/concat (11.1):
    - YOLOKit/base
  - YOLOKit/dict (11.1):
    - YOLOKit/base
    - YOLOKit/transpose
  - YOLOKit/each (11.1):
    - YOLOKit/base
  - YOLOKit/extend (11.1):
    - YOLOKit/base
  - YOLOKit/find (11.1):
    - YOLOKit/base
  - YOLOKit/first (11.1):
    - YOLOKit/base
    - YOLOKit/slice
  - YOLOKit/flatMap (11.1):
    - YOLOKit/base
  - YOLOKit/flatten (11.1):
    - YOLOKit/base
  - YOLOKit/fmap (11.1):
    - YOLOKit/base
    - YOLOKit/map
  - YOLOKit/get (11.1):
    - YOLOKit/base
  - YOLOKit/groupBy (11.1):
    - YOLOKit/base
  - YOLOKit/has (11.1):
    - YOLOKit/base
  - YOLOKit/indexOf (11.1):
    - YOLOKit/base
  - YOLOKit/inject (11.1):
    - YOLOKit/base
  - YOLOKit/join (11.1):
    - YOLOKit/base
    - YOLOKit/pluck
  - YOLOKit/last (11.1):
    - YOLOKit/base
    - YOLOKit/slice
  - YOLOKit/map (11.1):
    - YOLOKit/base
  - YOLOKit/max (11.1):
    - YOLOKit/base
  - YOLOKit/min (11.1):
    - YOLOKit/base
  - YOLOKit/none (11.1):
    - YOLOKit/base
  - YOLOKit/partition (11.1):
    - YOLOKit/base
  - YOLOKit/pick (11.1):
    - YOLOKit/base
  - YOLOKit/pluck (11.1):
    - YOLOKit/base
  - YOLOKit/pmap (11.1):
    - YOLOKit/base
  - YOLOKit/pop (11.1):
    - YOLOKit/base
  - YOLOKit/push (11.1):
    - YOLOKit/base
  - YOLOKit/reduce (11.1):
    - YOLOKit/base
    - YOLOKit/last
  - YOLOKit/reverse (11.1):
    - YOLOKit/base
  - YOLOKit/rotate (11.1):
    - YOLOKit/base
    - YOLOKit/concat
    - YOLOKit/skip
    - YOLOKit/snip
  - YOLOKit/sample (11.1):
    - YOLOKit/base
  - YOLOKit/select (11.1):
    - YOLOKit/base
  - YOLOKit/shift (11.1):
    - YOLOKit/base
  - YOLOKit/shuffle (11.1):
    - YOLOKit/base
  - YOLOKit/skip (11.1):
    - YOLOKit/base
    - YOLOKit/last
  - YOLOKit/slice (11.1):
    - YOLOKit/base
  - YOLOKit/snip (11.1):
    - YOLOKit/base
    - YOLOKit/slice
  - YOLOKit/sort (11.1):
    - YOLOKit/all
    - YOLOKit/base
    - YOLOKit/transpose
  - YOLOKit/split (11.1):
    - YOLOKit/base
  - YOLOKit/transpose (11.1):
    - YOLOKit/base
    - YOLOKit/each
    - YOLOKit/max
    - YOLOKit/select
  - YOLOKit/uniq (11.1):
    - YOLOKit/base
  - YOLOKit/unshift (11.1):
    - YOLOKit/base
  - YOLOKit/upTo (11.1):
    - YOLOKit/base
  - YOLOKit/without (11.1):
    - YOLOKit/base

DEPENDENCIES:
  - initWith...FuckIt
  - PromiseKit/NSNotificationCenter
  - PromiseKit/Pause
  - PromiseKit/SKProductsRequest
  - PromiseKit/UIView
  - PromiseKit/UIViewController
  - PromiseKit/When
  - sym0
  - UIImage+ImageWithColor
  - UIImage+InvertedImage
  - YOLOKit

SPEC CHECKSUMS:
  initWith...FuckIt: 8246df2664bb612c5f0e6bf54a948781d6411059
  PromiseKit: 89cb68ff4093e71221a63ca7272d427bf34c4560
  sym0: a68413a89bdcf78e9ad8b72fb637c1adcc311912
  UIImage+ImageWithColor: caf25af9e1718b2972d68a8b0f3ae704a0928681
  UIImage+InvertedImage: 38858b29b73b9679323bea8cdfce46452cd32acb
  YOLOKit: 8a770dfd512d50c731e7ec292e1e3a82ae5738dc

COCOAPODS: 0.35.0
